{
  "pins" : [
    {
      "identity" : "neumorphic",
      "kind" : "remoteSourceControl",
      "location" : "https://github.com/costachung/neumorphic.git",
      "state" : {
        "revision" : "03c6f7b3d27bfb28a082db2e9ffae45fbc69cb8b",
        "version" : "2.0.6"
      }
    },
    {
      "identity" : "swifttheming",
      "kind" : "remoteSourceControl",
      "location" : "https://github.com/dscyrescotti/SwiftTheming.git",
      "state" : {
        "revision" : "4843ccf46f473e6c2f82cc1675139a18b2a0f109",
        "version" : "2.0.0"
      }
    }
  ],
  "version" : 2
}
