{
  "pins" : [
    {
      "identity" : "neumorphic",
      "kind" : "remoteSourceControl",
      "location" : "https://github.com/freepicheep/neumorphic.git",
      "state" : {
        "revision" : "1b2220deb8c1095d500155fd8fbdff53da96f1d3",
        "version" : "2.0.8"
      }
    },
    {
      "identity" : "swifttheming",
      "kind" : "remoteSourceControl",
      "location" : "https://github.com/dscyrescotti/SwiftTheming.git",
      "state" : {
        "revision" : "4843ccf46f473e6c2f82cc1675139a18b2a0f109",
        "version" : "2.0.0"
      }
    }
  ],
  "version" : 2
}
