{
  "pins" : [
    {
      "identity" : "neumorphic",
      "kind" : "remoteSourceControl",
      "location" : "https://github.com/costachung/neumorphic.git",
      "state" : {
        "revision" : "df59e5e82ab335243848508ccb6e689fffdf596e",
        "version" : "1.2.6"
      }
    }
  ],
  "version" : 2
}
